{
  "version": "2",
  "remote": {
    "https://deno.land/std@0.191.0/_util/asserts.ts": "178dfc49a464aee693a7e285567b3d0b555dc805ff490505a8aae34f9cfb1462",
    "https://deno.land/std@0.191.0/_util/os.ts": "d932f56d41e4f6a6093d56044e29ce637f8dcc43c5a90af43504a889cf1775e3",
    "https://deno.land/std@0.191.0/fmt/colors.ts": "d67e3cd9f472535241a8e410d33423980bec45047e343577554d3356e1f0ef4e",
    "https://deno.land/std@0.191.0/path/_constants.ts": "e49961f6f4f48039c0dfed3c3f93e963ca3d92791c9d478ac5b43183413136e0",
    "https://deno.land/std@0.191.0/path/_interface.ts": "6471159dfbbc357e03882c2266d21ef9afdb1e4aa771b0545e90db58a0ba314b",
    "https://deno.land/std@0.191.0/path/_util.ts": "d7abb1e0dea065f427b89156e28cdeb32b045870acdf865833ba808a73b576d0",
    "https://deno.land/std@0.191.0/path/common.ts": "ee7505ab01fd22de3963b64e46cff31f40de34f9f8de1fff6a1bd2fe79380000",
    "https://deno.land/std@0.191.0/path/glob.ts": "d479e0a695621c94d3fd7fe7abd4f9499caf32a8de13f25073451c6ef420a4e1",
    "https://deno.land/std@0.191.0/path/mod.ts": "f065032a7189404fdac3ad1a1551a9ac84751d2f25c431e101787846c86c79ef",
    "https://deno.land/std@0.191.0/path/posix.ts": "8b7c67ac338714b30c816079303d0285dd24af6b284f7ad63da5b27372a2c94d",
    "https://deno.land/std@0.191.0/path/separator.ts": "0fb679739d0d1d7bf45b68dacfb4ec7563597a902edbaf3c59b50d5bcadd93b1",
    "https://deno.land/std@0.191.0/path/win32.ts": "d186344e5583bcbf8b18af416d13d82b35a317116e6460a5a3953508c3de5bba",
    "https://deno.land/std@0.191.0/testing/_diff.ts": "1a3c044aedf77647d6cac86b798c6417603361b66b54c53331b312caeb447aea",
    "https://deno.land/std@0.191.0/testing/_format.ts": "a69126e8a469009adf4cf2a50af889aca364c349797e63174884a52ff75cf4c7",
    "https://deno.land/std@0.191.0/testing/asserts.ts": "e16d98b4d73ffc4ed498d717307a12500ae4f2cbe668f1a215632d19fcffc22f",
    "https://esm.sh/@trpc/server@10.32.0": "7c8ab60dba3f0a0559447991e3dab6b00f3978dc1db45fba46c1151e5faaddbe",
    "https://esm.sh/@trpc/server@10.32.0/adapters/fetch": "a1ca5d8b2ce3e4970bb88960abbb0ff82f198faa8f5023f9a6d26adf43c16093",
    "https://esm.sh/@trpc/server@10.38.1": "01b225ba6ac0b558c3b21abc1febff287523fe9e5e596ae441e34c348838ede1",
    "https://esm.sh/fp-ts@2.16.1/Array": "b93cfe2ae2b9a7f6814ead0f381a7263a9bb6352b55757bd11a1623615a96ba4",
    "https://esm.sh/fp-ts@2.16.1/Either": "8a03822c26b55bcbbdac77da68988893215de360f2ddbfe1419b9a1bfe723f96",
    "https://esm.sh/fp-ts@2.16.1/TaskEither": "934b606be606507935293ce319328b2d436a41e94f7c342680c57a47418efefa",
    "https://esm.sh/fp-ts@2.16.1/function": "667e49c3450ea63cdb2ec093c72ddd5935841e2b23a4573c4ab9a82805eeae95",
    "https://esm.sh/v130/@trpc/server@10.32.0/adapters/fetch/index.d.ts": "f5f28ef4d47bb0f729515d55176df9755827dab54f80e8d7b48920c27a9c82f0",
    "https://esm.sh/v130/@trpc/server@10.32.0/deno/adapters/fetch.js": "e1da61b9d61ac9c43696fd5fcfd16dfd32f0ca1ff8d728ec6e385c1cce7b6c84",
    "https://esm.sh/v130/@trpc/server@10.32.0/deno/server.mjs": "e150e5af4a46001fd96c5f1ece311ceba7d6257833714fdb3832da74490d2be4",
    "https://esm.sh/v130/@trpc/server@10.32.0/dist/adapters/fetch/fetchRequestHandler.d.ts": "335ecf686985212cfc7c7e0e9b924cf5a84bd908b551308d2bb21b2192a80219",
    "https://esm.sh/v130/@trpc/server@10.32.0/dist/adapters/fetch/index.d.ts": "89e7872c511015ec0c23d85763e43b8720371846729dde1d1dc744aa5730753c",
    "https://esm.sh/v130/@trpc/server@10.32.0/dist/adapters/fetch/types.d.ts": "6c6c64cf207b9ffc9e374ef579ace3559c583e8c2b93cd5447265c8da3d50093",
    "https://esm.sh/v130/@trpc/server@10.32.0/dist/core/index.d.ts": "4728cb28dc752e4a200e1999a4645560b69744002936eec60d69456743d2bae6",
    "https://esm.sh/v130/@trpc/server@10.32.0/dist/core/initTRPC.d.ts": "3b15511ae817cf1ab825711d0494136f175ce89ace7a5d522b4d43aac427be94",
    "https://esm.sh/v130/@trpc/server@10.32.0/dist/core/internals/config.d.ts": "bf1950d7160f59e264b9c1267dc93456a9c900add1ee7f96fdaa761e931f7dd8",
    "https://esm.sh/v130/@trpc/server@10.32.0/dist/core/internals/getParseFn.d.ts": "8862666ec621380adb17fc01b9633b0929ab735a64b25b08763831f10de4ffed",
    "https://esm.sh/v130/@trpc/server@10.32.0/dist/core/internals/mergeRouters.d.ts": "548c2c79546809e53c10ea81eaf02b3b8d69b68b01e2a2d04398a9dd52f4d9bc",
    "https://esm.sh/v130/@trpc/server@10.32.0/dist/core/internals/procedureBuilder.d.ts": "e3db887945c4ea788dbb672025d3a37c4e653c0aa78149ee4903a2698f8a88e6",
    "https://esm.sh/v130/@trpc/server@10.32.0/dist/core/internals/utils.d.ts": "a7622bf1a4f5d040ef320ff1ed07d1c83f5cdeed82860c17f55cb7332aab3e1e",
    "https://esm.sh/v130/@trpc/server@10.32.0/dist/core/middleware.d.ts": "25f8548ee2970041f9b08b82db48a1ef341f11b2462ef41733f0fee294bf3ac6",
    "https://esm.sh/v130/@trpc/server@10.32.0/dist/core/parser.d.ts": "52277244e31969a2a2c755fa1e41626245697b6f0aad9ffd79649ccb6fbc5c39",
    "https://esm.sh/v130/@trpc/server@10.32.0/dist/core/procedure.d.ts": "3d0adfbc0b264d9538c42482f144771240078959ed5b75f6814bc5338a025280",
    "https://esm.sh/v130/@trpc/server@10.32.0/dist/core/router.d.ts": "a80cd7c781344e5c9118f246819e9f94e51df25bd38a341bd3a45b9ba8f9f6f1",
    "https://esm.sh/v130/@trpc/server@10.32.0/dist/core/types.d.ts": "6207b1549e5312d91d9306ae7b5a408ee236fd6083eb30a665d30024ca989b7a",
    "https://esm.sh/v130/@trpc/server@10.32.0/dist/deprecated/internals/middlewares.d.ts": "ae0ef4d01f48d9e3aec69ea2fbdc0a61ffb6c36a855237746280a5fd1507d12d",
    "https://esm.sh/v130/@trpc/server@10.32.0/dist/deprecated/internals/procedure.d.ts": "d3af2f215287318e082216ca7c2f8b089af23ce54b027ef3b7ddbbf8e5adb787",
    "https://esm.sh/v130/@trpc/server@10.32.0/dist/deprecated/interop.d.ts": "d09f186cdc80787d71ca50570e00144047d60e4964a7604ee539cd899226786c",
    "https://esm.sh/v130/@trpc/server@10.32.0/dist/deprecated/router.d.ts": "88f8d7f8ab406a427309bc387224df1ae752fe1161893b64a7f620e30f1156f8",
    "https://esm.sh/v130/@trpc/server@10.32.0/dist/error/TRPCError.d.ts": "39dcf2e2dcc98c305aed59ffaa706d4d8c31b420c1156b2afd943bc2810bb9b1",
    "https://esm.sh/v130/@trpc/server@10.32.0/dist/error/formatter.d.ts": "ccd2146d04f4669cf22cdfac0215ad27f8a5b3c220ac13ebb157e93370e63719",
    "https://esm.sh/v130/@trpc/server@10.32.0/dist/http/batchStreamFormatter.d.ts": "f20bf2c800ceb2cca64421cd1904d5457d9a3e9e96b78806b834ce20fb40c4c4",
    "https://esm.sh/v130/@trpc/server@10.32.0/dist/http/contentType.d.ts": "8edab419d13e68e0c5cd01c187c25a80c9532ed8e10ea90843d07e00aab196a0",
    "https://esm.sh/v130/@trpc/server@10.32.0/dist/http/getHTTPStatusCode.d.ts": "075024052b71123d76d7674d50ef21d8e373ed0eb61d7a399605986ff59dd592",
    "https://esm.sh/v130/@trpc/server@10.32.0/dist/http/index.d.ts": "660cb999cb6bd36501cca603fb03835ac448c43cd709ab6aeaf7897092fab19a",
    "https://esm.sh/v130/@trpc/server@10.32.0/dist/http/internals/types.d.ts": "bb985a80344f2fdedc03ae1dd7c087982e73fdaed49410b938679c4381da4cd1",
    "https://esm.sh/v130/@trpc/server@10.32.0/dist/http/resolveHTTPResponse.d.ts": "03c71edd4ba40bd5811c432fff58c71b739f3badad679b048aa295c429a76e6d",
    "https://esm.sh/v130/@trpc/server@10.32.0/dist/http/types.d.ts": "4eb053de8f1f821eaf54fdd0c21102f11591a09d130ad329e30d5cfb46be36ea",
    "https://esm.sh/v130/@trpc/server@10.32.0/dist/index.d.ts": "b78f1c4514b5330dcce251d29b8c1680785dfa2957549299d3176ca9ed2f0ab8",
    "https://esm.sh/v130/@trpc/server@10.32.0/dist/internals.d.ts": "8edbb577fe9f64135a82d271119830ca0a9babed521e3f2b7be6c08a526c44b7",
    "https://esm.sh/v130/@trpc/server@10.32.0/dist/internals/types.d.ts": "68308eb4abc583f557e1ee03cec278cd2b25290b45f91c6e5f68b4693c1a3906",
    "https://esm.sh/v130/@trpc/server@10.32.0/dist/observable/index.d.ts": "d40ba4a1bcfbaeba08d588b9777cd952b07e831c13c4f0a158d951cc68a68733",
    "https://esm.sh/v130/@trpc/server@10.32.0/dist/observable/internals/observableToPromise.d.ts": "2d2f53a1fd1d61997dd118cdace415dd53c4777e05b2240b12dc25b32ec862b3",
    "https://esm.sh/v130/@trpc/server@10.32.0/dist/observable/observable.d.ts": "278916c69fc21426483e968a77cdf76c44fdcb61dec0652a6dde9079c0d714b0",
    "https://esm.sh/v130/@trpc/server@10.32.0/dist/observable/operators/index.d.ts": "061ce43fbfe43267dd92ab56e1582b3af539b627552c5546c603e4062499cd0e",
    "https://esm.sh/v130/@trpc/server@10.32.0/dist/observable/operators/map.d.ts": "da7263b2dd3ef50f79cadb0bb42ed15956de0ebfa22a15d30b992a54424c9dca",
    "https://esm.sh/v130/@trpc/server@10.32.0/dist/observable/operators/share.d.ts": "4634dc2cdb163a0de7aee90d707a3a1a1ec05b1f389ec4b241ac5667278cca0a",
    "https://esm.sh/v130/@trpc/server@10.32.0/dist/observable/operators/tap.d.ts": "dbce0a6932b91189ecc22fae1ec949ef6b8b0ec941f653a57a97df88f2526252",
    "https://esm.sh/v130/@trpc/server@10.32.0/dist/observable/types.d.ts": "82ac2f9758483c50133fa95984dc979c128c3bb2cc1fb8077c27106a99faeb24",
    "https://esm.sh/v130/@trpc/server@10.32.0/dist/rpc/codes.d.ts": "3650b6af95802bfdbd1bffbb2b8c60bd402e8569955def4d9f36357a64f2f4ae",
    "https://esm.sh/v130/@trpc/server@10.32.0/dist/rpc/envelopes.d.ts": "ed4b4bd736071eec256c470aae88f4fac753602c6605e72a070bb2cff0c39128",
    "https://esm.sh/v130/@trpc/server@10.32.0/dist/rpc/index.d.ts": "3555d411c6612c595ff1abea398ed8807caa9f7e484298018fdd9b1cbae24a43",
    "https://esm.sh/v130/@trpc/server@10.32.0/dist/shared/internal/serialize.d.ts": "0f6c008e996d3eb068c2ed40a0400868a2d040ec82fb46bc6fe90114d7bb86e6",
    "https://esm.sh/v130/@trpc/server@10.32.0/dist/shared/jsonify.d.ts": "bd5257eed562bb87ed7e3ae81889fee6c7207661ecdc086cb82869570c09ac87",
    "https://esm.sh/v130/@trpc/server@10.32.0/dist/transformer.d.ts": "4f6ee84a7711937c9c067b5d61906ed4112fb31a347545c0872351c765dfaf4b",
    "https://esm.sh/v130/@trpc/server@10.32.0/dist/types.d.ts": "7056903b3bbd0aa307ddced3c5e35f88beaaef9ad52e965eefb8d352eab76d99",
    "https://esm.sh/v131/fp-ts@2.16.1/HKT.d.ts": "35dc8360ec43ec195f38dc9a3a09c0610096bdb48dbf72dff36a4b84eeb9a081",
    "https://esm.sh/v131/fp-ts@2.16.1/deno/TaskEither.js": "e3c285022434f9050c307ef9f41bc6b2eb1c938a8e93869cb875dac217c8af24",
    "https://esm.sh/v131/fp-ts@2.16.1/deno/function.js": "ef7b935ffab659830e675d90eadd5d87f99d225e062aa3bcf46dda2aa0e6cf1b",
    "https://esm.sh/v131/fp-ts@2.16.1/deno/lib/HKT.js": "539b15624be9e69291767cd2c9733d61a74ff482e41422be589fa17fec65d85f",
    "https://esm.sh/v131/fp-ts@2.16.1/lib/Alt.d.ts": "9995a3ab208a52472afecd7f049367eaa54277e24a07c5a2df58b396f44ef1ea",
    "https://esm.sh/v131/fp-ts@2.16.1/lib/Alternative.d.ts": "aeb0d0781846e838d77faa819d5235689d94ac75baecece953d6233d5ba12297",
    "https://esm.sh/v131/fp-ts@2.16.1/lib/Applicative.d.ts": "9ba92632ee3ed22fc901aedbc00343b5380a5b62d357e6da4a2e90904312b43c",
    "https://esm.sh/v131/fp-ts@2.16.1/lib/Apply.d.ts": "72cfef0134fdc4bee95a5fc0b3825c6cd2bbd56f95b9c8f39ac8e8392176dc35",
    "https://esm.sh/v131/fp-ts@2.16.1/lib/Bifunctor.d.ts": "bfcff44f8fcf438db81b67dd8b4d70ec83e4f28bfb4e9d2e015db326cdba1e2b",
    "https://esm.sh/v131/fp-ts@2.16.1/lib/BooleanAlgebra.d.ts": "c7f7c33670207a2fdc5865aefcd7ae63104c4d52a9c684cd4f9daac4430541c2",
    "https://esm.sh/v131/fp-ts@2.16.1/lib/Bounded.d.ts": "fef9c8878c6b78560da003bf59e4d1e0f1af9a4bd15310f48ec9376b9ce1c5c8",
    "https://esm.sh/v131/fp-ts@2.16.1/lib/BoundedDistributiveLattice.d.ts": "5f4aad52b72a6a9c45e9ca942bb314760ee0cdf41b253db952d58a92f49cc8ed",
    "https://esm.sh/v131/fp-ts@2.16.1/lib/BoundedJoinSemilattice.d.ts": "7e43c5e40678c6fda9d13d874e4aa5cf692e656717499a63b278f45c0f54363a",
    "https://esm.sh/v131/fp-ts@2.16.1/lib/BoundedLattice.d.ts": "131fb1560244281221b3d97fc4568e7fb3b68aeccaa117741a789093bc7cc9fe",
    "https://esm.sh/v131/fp-ts@2.16.1/lib/BoundedMeetSemilattice.d.ts": "bf354f68efc8f1f57aa66c887b6b00a483f43a158d4b93c408784966ca50bbc8",
    "https://esm.sh/v131/fp-ts@2.16.1/lib/Chain.d.ts": "7d50bfccfa07e62a23c3538763c076da8af90dc02bb7611574740257bc9f5173",
    "https://esm.sh/v131/fp-ts@2.16.1/lib/ChainRec.d.ts": "4614917344f1a4bfe5a913d1cebcb9a4797ed772f0f741d9a62c6e39d22e1983",
    "https://esm.sh/v131/fp-ts@2.16.1/lib/Comonad.d.ts": "ebd8e7acb6f988bd90948f754ec3d09fdddd1f44c078d27e6795b776083e143f",
    "https://esm.sh/v131/fp-ts@2.16.1/lib/Compactable.d.ts": "04f0b0ce01bc6798030fc76b5cd7ad57151da092bf4dec68579e9c7280a7838f",
    "https://esm.sh/v131/fp-ts@2.16.1/lib/Contravariant.d.ts": "95f2d50a7a48ed4a256cc7435c29507499066b79437a405ace7ccdebff8d0f4c",
    "https://esm.sh/v131/fp-ts@2.16.1/lib/DistributiveLattice.d.ts": "1b669703b11811671ad22d6fa0af298ba42e16d983b988caa4e542bc0a70e823",
    "https://esm.sh/v131/fp-ts@2.16.1/lib/Either.d.ts": "a2956fa0b48ddedd36038b98c9bbd79bcabd08db0d08b9f084fd22cf724b793b",
    "https://esm.sh/v131/fp-ts@2.16.1/lib/Endomorphism.d.ts": "459a0716a06e21f05d484836cc7ccd23e2f0e852336b500c5bdff8885fdfe4bb",
    "https://esm.sh/v131/fp-ts@2.16.1/lib/Eq.d.ts": "6381a7d109f0e99898f575a0cdb71029835d965aea4c55144e1ae3b45679d3f4",
    "https://esm.sh/v131/fp-ts@2.16.1/lib/Extend.d.ts": "fd6e90792bf5621fe4d359671e88fafdcda2c7d4a432b7283351999b8f8fa67d",
    "https://esm.sh/v131/fp-ts@2.16.1/lib/Filterable.d.ts": "081f2de08efb70f86b34c109583650000dac079c49394994481d3a0c0f6abcf9",
    "https://esm.sh/v131/fp-ts@2.16.1/lib/FilterableWithIndex.d.ts": "1a790143958d133692e799640667bf12d1d6add0aa4e59a0a2fb5f0ffe77c1f0",
    "https://esm.sh/v131/fp-ts@2.16.1/lib/Foldable.d.ts": "1a809516e633d9e9e1d0d7a0ba210d14ee46d67ea8443df84a8f903d6fc4f37f",
    "https://esm.sh/v131/fp-ts@2.16.1/lib/FoldableWithIndex.d.ts": "4a7b6ef7b738e369d0fc6aab9543fc412b5f5a6cdfbd1e1ddd0711105c1c0ca2",
    "https://esm.sh/v131/fp-ts@2.16.1/lib/FromEither.d.ts": "fd9d5cfe7dcf3dfa9d3417600d7583732bd5310af0ccc169eb7e37304ad7a5c7",
    "https://esm.sh/v131/fp-ts@2.16.1/lib/FromIO.d.ts": "361c195b85a0e7404829c4de6b8622c842636cb81bd62ab2f618bf98e057e33e",
    "https://esm.sh/v131/fp-ts@2.16.1/lib/FromTask.d.ts": "75e9ba131e0c0e2402d262fcd3713b6189546d6e54434ecac6dd3df9187eb77b",
    "https://esm.sh/v131/fp-ts@2.16.1/lib/Functor.d.ts": "b8cfe8e6bc6cb0049997c8d161fb17aadfd4e23582c4fee7fd8ecfa075ad4f8d",
    "https://esm.sh/v131/fp-ts@2.16.1/lib/FunctorWithIndex.d.ts": "7eea4199d75a6738aacd47cd0dd25fbc74e84c7764d44752997516e1214e6cd7",
    "https://esm.sh/v131/fp-ts@2.16.1/lib/HKT": "45a0dafd7f10463fd05d816db3bdec538376018133a40910585a2ab06269714f",
    "https://esm.sh/v131/fp-ts@2.16.1/lib/HeytingAlgebra.d.ts": "68a537c0f216a1880c7eb97eec71e44bb82cbf9afee2cb994579f48747cc8937",
    "https://esm.sh/v131/fp-ts@2.16.1/lib/IO.d.ts": "9c25741bc2b367085ccb5c78f8cbe32e116a34d1c2bab44715a6bbc8b5ad3fc1",
    "https://esm.sh/v131/fp-ts@2.16.1/lib/IOEither.d.ts": "2b1c9c96922e70f016c4b0e7e39a548265d8aaf6747ed9c495252a7359bd5ed0",
    "https://esm.sh/v131/fp-ts@2.16.1/lib/JoinSemilattice.d.ts": "0dffb71a150679ddb64f93ee1dc1c4e0a9c29e7e955c58b784be425d9dade113",
    "https://esm.sh/v131/fp-ts@2.16.1/lib/Lattice.d.ts": "23e3171ae58a3ce35cbd18ccc7b61af0680ce49e1132919127034de2e68791c7",
    "https://esm.sh/v131/fp-ts@2.16.1/lib/Magma.d.ts": "35ba6b45bdd0fffed5ddc385a6e215e06d4ee32a9a6bdc19a0a095d8ee3c6b88",
    "https://esm.sh/v131/fp-ts@2.16.1/lib/MeetSemilattice.d.ts": "912153b1d2a38807622e6786010b9ec3da099dccc5dc57cd991c9a38465bfa86",
    "https://esm.sh/v131/fp-ts@2.16.1/lib/Monad.d.ts": "e93e8e073cab5f05f73e8c6dbfcd7109ccfb61909ac65aad09274cfea0daac0c",
    "https://esm.sh/v131/fp-ts@2.16.1/lib/MonadIO.d.ts": "b877b51a960e85c44515389a7f3c0b117c572c99d1c929266bb8b7bc3433a5a7",
    "https://esm.sh/v131/fp-ts@2.16.1/lib/MonadTask.d.ts": "ebe9e2be1e3d3f024a3fd0a2ee59c2e660d676c34211af722adbe1f82365384a",
    "https://esm.sh/v131/fp-ts@2.16.1/lib/MonadThrow.d.ts": "752c7d42325d16172e29c323ecff8042750205d4a718a8eb746bddc30b9627b6",
    "https://esm.sh/v131/fp-ts@2.16.1/lib/Monoid.d.ts": "70700b596dcc48e2cda539f79d8cb38febfbcb6c4b97eca69a2c0fece123d9b0",
    "https://esm.sh/v131/fp-ts@2.16.1/lib/Option.d.ts": "0ee0df6bdfb11dcd7e23e74a1f100366e23847fab8d6c7094f634e38edae7a4f",
    "https://esm.sh/v131/fp-ts@2.16.1/lib/Ord.d.ts": "29491ef8524508886038250ee050ada460faf5054df203a9dccc0577352c0fb4",
    "https://esm.sh/v131/fp-ts@2.16.1/lib/Ordering.d.ts": "5bcf3c7184b19305a95ccd9e27e9a64a8b7bf96f1c9ba03c903f2f0a95ea26aa",
    "https://esm.sh/v131/fp-ts@2.16.1/lib/Pointed.d.ts": "b781e4321cd052af482532f91faa4fe54e3e0265ba8aabe636beea721afe1464",
    "https://esm.sh/v131/fp-ts@2.16.1/lib/Predicate.d.ts": "0de5cb3cbff2dc13dbac03b6f63a5fbaa8c027aef1f8d42e84f71f283ce55472",
    "https://esm.sh/v131/fp-ts@2.16.1/lib/ReadonlyNonEmptyArray.d.ts": "2770145197c4dbbc3a5fafa0790c9fb10b107e9af68f58fb76edfa1179416d5f",
    "https://esm.sh/v131/fp-ts@2.16.1/lib/ReadonlyRecord.d.ts": "a9b6bf49a33b955e320986d8df41f808f23ff3c36e8bb8de2175057a69c03a07",
    "https://esm.sh/v131/fp-ts@2.16.1/lib/Refinement.d.ts": "19243906b0442bcac7e6526713eb0a5d92e22f694c45cb4ff68c2822b1847aa5",
    "https://esm.sh/v131/fp-ts@2.16.1/lib/Ring.d.ts": "834b2890583b4f97189a9172a4e3310e46ffa01972214bea4a741f47ac8b5642",
    "https://esm.sh/v131/fp-ts@2.16.1/lib/Semigroup.d.ts": "26b650479bab7e2794cbaf7509cab0f49eebcdf470c65beed48dc11bda9399e9",
    "https://esm.sh/v131/fp-ts@2.16.1/lib/Semiring.d.ts": "4d11730841ec9de1b0a257a36f1dcf329d458703972e202adabf45cc11ad0b7e",
    "https://esm.sh/v131/fp-ts@2.16.1/lib/Separated.d.ts": "a6e715df4324baf3387abac635851c5cc70002f63d6666ed7262e265c5eec9ba",
    "https://esm.sh/v131/fp-ts@2.16.1/lib/Show.d.ts": "b96043db0ad7c4ea8b4bc4b0bfd395f191a9f41d127f4185b72605a4ad370541",
    "https://esm.sh/v131/fp-ts@2.16.1/lib/Task.d.ts": "6090e8385e0ad4a3fdb3bb55fc28ddc9757d0d3b492270dbd32ad3ba6371443b",
    "https://esm.sh/v131/fp-ts@2.16.1/lib/TaskEither.d.ts": "d3890cb53784b93eaeb342ac1a8894f7b4b6f478a7775d952146ef0c6adeab01",
    "https://esm.sh/v131/fp-ts@2.16.1/lib/TaskOption.d.ts": "bb8b0d4af5a042dee4e5623804099b247c3cec548c95d4deb22e1baab917bca0",
    "https://esm.sh/v131/fp-ts@2.16.1/lib/Traversable.d.ts": "e02b9d520dc1005fb0923fad55472960a6955ea98864d41d54fafc8a3fc1b668",
    "https://esm.sh/v131/fp-ts@2.16.1/lib/TraversableWithIndex.d.ts": "25774ba569d3275492fbbde792e3db29b6b15ef82ba6692f3f2659921efa740f",
    "https://esm.sh/v131/fp-ts@2.16.1/lib/Unfoldable.d.ts": "a5d0ea7e38e264bc6198eccaf79cfc917d2a7c86b6eea6a469ae83994bcc0f41",
    "https://esm.sh/v131/fp-ts@2.16.1/lib/Witherable.d.ts": "35b72c45b7db663e0b8a25ff8f5f4a7a57a865fe8434a1227b62dfbb742339de",
    "https://esm.sh/v131/fp-ts@2.16.1/lib/Zero.d.ts": "655b6b3247181ad5f577938ccac42aea093285268351bb840110ec1076a4d8ee",
    "https://esm.sh/v131/fp-ts@2.16.1/lib/function.d.ts": "c50fa8101270edc4644edc3443ce238bcafd9958c43087e44f5db7c9051f7d86",
    "https://esm.sh/v132/@trpc/server@10.38.1/deno/server.mjs": "687dc5c7efaed205a33b8cbf5d7f83378a0714fe6303818305b1010f632b025a",
    "https://esm.sh/v132/@trpc/server@10.38.1/dist/core/index.d.ts": "ffc00c18278aa9dc40f89781dae11758042e5b1ac56a68255741dcefe2034880",
    "https://esm.sh/v132/@trpc/server@10.38.1/dist/core/initTRPC.d.ts": "3b15511ae817cf1ab825711d0494136f175ce89ace7a5d522b4d43aac427be94",
    "https://esm.sh/v132/@trpc/server@10.38.1/dist/core/internals/config.d.ts": "bf1950d7160f59e264b9c1267dc93456a9c900add1ee7f96fdaa761e931f7dd8",
    "https://esm.sh/v132/@trpc/server@10.38.1/dist/core/internals/getParseFn.d.ts": "bf66ef3e3228c82a797588a5d621fe170746cbbcdf14cd08483ef53b24c68999",
    "https://esm.sh/v132/@trpc/server@10.38.1/dist/core/internals/mergeRouters.d.ts": "33938c8ff7e8553811c0b56791ab51fbca92e182e79956237eccafa714e2537e",
    "https://esm.sh/v132/@trpc/server@10.38.1/dist/core/internals/procedureBuilder.d.ts": "e3db887945c4ea788dbb672025d3a37c4e653c0aa78149ee4903a2698f8a88e6",
    "https://esm.sh/v132/@trpc/server@10.38.1/dist/core/internals/utils.d.ts": "a7622bf1a4f5d040ef320ff1ed07d1c83f5cdeed82860c17f55cb7332aab3e1e",
    "https://esm.sh/v132/@trpc/server@10.38.1/dist/core/middleware.d.ts": "fad58203f945fbf219aafc00f166684bab6fb2dfe97fd8d45d84997d0509ba59",
    "https://esm.sh/v132/@trpc/server@10.38.1/dist/core/parser.d.ts": "7a486ba4e7afb37d4b6078bd3270499cc28160291a9e3116f83725d2ace98d6d",
    "https://esm.sh/v132/@trpc/server@10.38.1/dist/core/procedure.d.ts": "da7d1cfe390c43222ae304a087b30c7fbdef28b028a1a7293c149b0e1772605a",
    "https://esm.sh/v132/@trpc/server@10.38.1/dist/core/router.d.ts": "c782ee319887ba48a2e5e997f90644f575974729f69fe9f8b59996610feeb5f3",
    "https://esm.sh/v132/@trpc/server@10.38.1/dist/core/types.d.ts": "e4adba47847acec927d406ba0c7c17e9baef053cb8589138e179d1fee3749e4a",
    "https://esm.sh/v132/@trpc/server@10.38.1/dist/deprecated/internals/middlewares.d.ts": "a1d30a88263a8add2e85b3d05b6f7b259cb9dabb78253ba50b29f998af7d0f1e",
    "https://esm.sh/v132/@trpc/server@10.38.1/dist/deprecated/internals/procedure.d.ts": "4723e07614af45cd5eb020ffa62f2f6622ecdb3a5c32874eb70edd0aca33d93c",
    "https://esm.sh/v132/@trpc/server@10.38.1/dist/deprecated/interop.d.ts": "d09f186cdc80787d71ca50570e00144047d60e4964a7604ee539cd899226786c",
    "https://esm.sh/v132/@trpc/server@10.38.1/dist/deprecated/router.d.ts": "beaaaa2b04fcab45789058a135c392c863497d94d488dff3054100f03a07416d",
    "https://esm.sh/v132/@trpc/server@10.38.1/dist/error/TRPCError.d.ts": "9703b20268f4bece418b824762cfa3d6643ca3db98892aef5b5dd4f69351f195",
    "https://esm.sh/v132/@trpc/server@10.38.1/dist/error/formatter.d.ts": "d665666e208bd0fff5878fb9b3909c4334846711f7a04f214f0e0077b2ca1440",
    "https://esm.sh/v132/@trpc/server@10.38.1/dist/index.d.ts": "b78f1c4514b5330dcce251d29b8c1680785dfa2957549299d3176ca9ed2f0ab8",
    "https://esm.sh/v132/@trpc/server@10.38.1/dist/internals.d.ts": "8edbb577fe9f64135a82d271119830ca0a9babed521e3f2b7be6c08a526c44b7",
    "https://esm.sh/v132/@trpc/server@10.38.1/dist/observable/index.d.ts": "d40ba4a1bcfbaeba08d588b9777cd952b07e831c13c4f0a158d951cc68a68733",
    "https://esm.sh/v132/@trpc/server@10.38.1/dist/observable/internals/observableToPromise.d.ts": "2d2f53a1fd1d61997dd118cdace415dd53c4777e05b2240b12dc25b32ec862b3",
    "https://esm.sh/v132/@trpc/server@10.38.1/dist/observable/observable.d.ts": "278916c69fc21426483e968a77cdf76c44fdcb61dec0652a6dde9079c0d714b0",
    "https://esm.sh/v132/@trpc/server@10.38.1/dist/observable/operators/index.d.ts": "061ce43fbfe43267dd92ab56e1582b3af539b627552c5546c603e4062499cd0e",
    "https://esm.sh/v132/@trpc/server@10.38.1/dist/observable/operators/map.d.ts": "da7263b2dd3ef50f79cadb0bb42ed15956de0ebfa22a15d30b992a54424c9dca",
    "https://esm.sh/v132/@trpc/server@10.38.1/dist/observable/operators/share.d.ts": "4634dc2cdb163a0de7aee90d707a3a1a1ec05b1f389ec4b241ac5667278cca0a",
    "https://esm.sh/v132/@trpc/server@10.38.1/dist/observable/operators/tap.d.ts": "dbce0a6932b91189ecc22fae1ec949ef6b8b0ec941f653a57a97df88f2526252",
    "https://esm.sh/v132/@trpc/server@10.38.1/dist/observable/types.d.ts": "82ac2f9758483c50133fa95984dc979c128c3bb2cc1fb8077c27106a99faeb24",
    "https://esm.sh/v132/@trpc/server@10.38.1/dist/rpc/codes.d.ts": "d54a5a314851ddc22dab7a4144115b834e7e86e06ce36729fcabf6db221c8dda",
    "https://esm.sh/v132/@trpc/server@10.38.1/dist/rpc/envelopes.d.ts": "6eeb23b4cf33065e120b8baf9e5fe6150897acd459ac2481fc72393f511d7156",
    "https://esm.sh/v132/@trpc/server@10.38.1/dist/rpc/index.d.ts": "3555d411c6612c595ff1abea398ed8807caa9f7e484298018fdd9b1cbae24a43",
    "https://esm.sh/v132/@trpc/server@10.38.1/dist/shared/internal/serialize.d.ts": "561e9a9303a2d5857a71b3bc286908d33eba1d2ba4c4764103e473956e47eb07",
    "https://esm.sh/v132/@trpc/server@10.38.1/dist/shared/jsonify.d.ts": "bd5257eed562bb87ed7e3ae81889fee6c7207661ecdc086cb82869570c09ac87",
    "https://esm.sh/v132/@trpc/server@10.38.1/dist/transformer.d.ts": "5567ba9eb87971fcb09bc6b42934a7e42d5b2715d152af14bab39760e2ce8398",
    "https://esm.sh/v132/@trpc/server@10.38.1/dist/types.d.ts": "84c88a2bdc4619ab71df66beba74de9e1135190d7b6b6a7745a02d389a77cf98",
    "https://esm.sh/v132/fp-ts@2.16.1/HKT.d.ts": "35dc8360ec43ec195f38dc9a3a09c0610096bdb48dbf72dff36a4b84eeb9a081",
    "https://esm.sh/v132/fp-ts@2.16.1/deno/Array.js": "06ede07fdf28883129f606bbe5ccb0291dc192288076dfc7df2d86c40b13f1e0",
    "https://esm.sh/v132/fp-ts@2.16.1/deno/Either.js": "3334f06af8230b451b040c85b80e854695c1d4b60f3157c30b0c002dbe437b2b",
    "https://esm.sh/v132/fp-ts@2.16.1/deno/lib/HKT.js": "539b15624be9e69291767cd2c9733d61a74ff482e41422be589fa17fec65d85f",
    "https://esm.sh/v132/fp-ts@2.16.1/lib/Alt.d.ts": "9995a3ab208a52472afecd7f049367eaa54277e24a07c5a2df58b396f44ef1ea",
    "https://esm.sh/v132/fp-ts@2.16.1/lib/Alternative.d.ts": "aeb0d0781846e838d77faa819d5235689d94ac75baecece953d6233d5ba12297",
    "https://esm.sh/v132/fp-ts@2.16.1/lib/Applicative.d.ts": "9ba92632ee3ed22fc901aedbc00343b5380a5b62d357e6da4a2e90904312b43c",
    "https://esm.sh/v132/fp-ts@2.16.1/lib/Apply.d.ts": "72cfef0134fdc4bee95a5fc0b3825c6cd2bbd56f95b9c8f39ac8e8392176dc35",
    "https://esm.sh/v132/fp-ts@2.16.1/lib/Array.d.ts": "c4fc087afa4c7e81b94b5523289ad7aa52c7fda331f50393ba5bc222a6d251cb",
    "https://esm.sh/v132/fp-ts@2.16.1/lib/Bifunctor.d.ts": "bfcff44f8fcf438db81b67dd8b4d70ec83e4f28bfb4e9d2e015db326cdba1e2b",
    "https://esm.sh/v132/fp-ts@2.16.1/lib/BooleanAlgebra.d.ts": "c7f7c33670207a2fdc5865aefcd7ae63104c4d52a9c684cd4f9daac4430541c2",
    "https://esm.sh/v132/fp-ts@2.16.1/lib/Bounded.d.ts": "fef9c8878c6b78560da003bf59e4d1e0f1af9a4bd15310f48ec9376b9ce1c5c8",
    "https://esm.sh/v132/fp-ts@2.16.1/lib/BoundedDistributiveLattice.d.ts": "5f4aad52b72a6a9c45e9ca942bb314760ee0cdf41b253db952d58a92f49cc8ed",
    "https://esm.sh/v132/fp-ts@2.16.1/lib/BoundedJoinSemilattice.d.ts": "7e43c5e40678c6fda9d13d874e4aa5cf692e656717499a63b278f45c0f54363a",
    "https://esm.sh/v132/fp-ts@2.16.1/lib/BoundedLattice.d.ts": "131fb1560244281221b3d97fc4568e7fb3b68aeccaa117741a789093bc7cc9fe",
    "https://esm.sh/v132/fp-ts@2.16.1/lib/BoundedMeetSemilattice.d.ts": "bf354f68efc8f1f57aa66c887b6b00a483f43a158d4b93c408784966ca50bbc8",
    "https://esm.sh/v132/fp-ts@2.16.1/lib/Chain.d.ts": "7d50bfccfa07e62a23c3538763c076da8af90dc02bb7611574740257bc9f5173",
    "https://esm.sh/v132/fp-ts@2.16.1/lib/ChainRec.d.ts": "4614917344f1a4bfe5a913d1cebcb9a4797ed772f0f741d9a62c6e39d22e1983",
    "https://esm.sh/v132/fp-ts@2.16.1/lib/Comonad.d.ts": "ebd8e7acb6f988bd90948f754ec3d09fdddd1f44c078d27e6795b776083e143f",
    "https://esm.sh/v132/fp-ts@2.16.1/lib/Compactable.d.ts": "04f0b0ce01bc6798030fc76b5cd7ad57151da092bf4dec68579e9c7280a7838f",
    "https://esm.sh/v132/fp-ts@2.16.1/lib/Contravariant.d.ts": "95f2d50a7a48ed4a256cc7435c29507499066b79437a405ace7ccdebff8d0f4c",
    "https://esm.sh/v132/fp-ts@2.16.1/lib/DistributiveLattice.d.ts": "1b669703b11811671ad22d6fa0af298ba42e16d983b988caa4e542bc0a70e823",
    "https://esm.sh/v132/fp-ts@2.16.1/lib/Either.d.ts": "a2956fa0b48ddedd36038b98c9bbd79bcabd08db0d08b9f084fd22cf724b793b",
    "https://esm.sh/v132/fp-ts@2.16.1/lib/Endomorphism.d.ts": "459a0716a06e21f05d484836cc7ccd23e2f0e852336b500c5bdff8885fdfe4bb",
    "https://esm.sh/v132/fp-ts@2.16.1/lib/Eq.d.ts": "6381a7d109f0e99898f575a0cdb71029835d965aea4c55144e1ae3b45679d3f4",
    "https://esm.sh/v132/fp-ts@2.16.1/lib/Extend.d.ts": "fd6e90792bf5621fe4d359671e88fafdcda2c7d4a432b7283351999b8f8fa67d",
    "https://esm.sh/v132/fp-ts@2.16.1/lib/Filterable.d.ts": "081f2de08efb70f86b34c109583650000dac079c49394994481d3a0c0f6abcf9",
    "https://esm.sh/v132/fp-ts@2.16.1/lib/FilterableWithIndex.d.ts": "1a790143958d133692e799640667bf12d1d6add0aa4e59a0a2fb5f0ffe77c1f0",
    "https://esm.sh/v132/fp-ts@2.16.1/lib/Foldable.d.ts": "1a809516e633d9e9e1d0d7a0ba210d14ee46d67ea8443df84a8f903d6fc4f37f",
    "https://esm.sh/v132/fp-ts@2.16.1/lib/FoldableWithIndex.d.ts": "4a7b6ef7b738e369d0fc6aab9543fc412b5f5a6cdfbd1e1ddd0711105c1c0ca2",
    "https://esm.sh/v132/fp-ts@2.16.1/lib/FromEither.d.ts": "fd9d5cfe7dcf3dfa9d3417600d7583732bd5310af0ccc169eb7e37304ad7a5c7",
    "https://esm.sh/v132/fp-ts@2.16.1/lib/Functor.d.ts": "b8cfe8e6bc6cb0049997c8d161fb17aadfd4e23582c4fee7fd8ecfa075ad4f8d",
    "https://esm.sh/v132/fp-ts@2.16.1/lib/FunctorWithIndex.d.ts": "7eea4199d75a6738aacd47cd0dd25fbc74e84c7764d44752997516e1214e6cd7",
    "https://esm.sh/v132/fp-ts@2.16.1/lib/HKT": "8da6f44aad53c122e3ec46800d17078091aee37b8728d48b265348b08f6ae0bc",
    "https://esm.sh/v132/fp-ts@2.16.1/lib/HeytingAlgebra.d.ts": "68a537c0f216a1880c7eb97eec71e44bb82cbf9afee2cb994579f48747cc8937",
    "https://esm.sh/v132/fp-ts@2.16.1/lib/JoinSemilattice.d.ts": "0dffb71a150679ddb64f93ee1dc1c4e0a9c29e7e955c58b784be425d9dade113",
    "https://esm.sh/v132/fp-ts@2.16.1/lib/Lattice.d.ts": "23e3171ae58a3ce35cbd18ccc7b61af0680ce49e1132919127034de2e68791c7",
    "https://esm.sh/v132/fp-ts@2.16.1/lib/Magma.d.ts": "35ba6b45bdd0fffed5ddc385a6e215e06d4ee32a9a6bdc19a0a095d8ee3c6b88",
    "https://esm.sh/v132/fp-ts@2.16.1/lib/MeetSemilattice.d.ts": "912153b1d2a38807622e6786010b9ec3da099dccc5dc57cd991c9a38465bfa86",
    "https://esm.sh/v132/fp-ts@2.16.1/lib/Monad.d.ts": "e93e8e073cab5f05f73e8c6dbfcd7109ccfb61909ac65aad09274cfea0daac0c",
    "https://esm.sh/v132/fp-ts@2.16.1/lib/MonadThrow.d.ts": "752c7d42325d16172e29c323ecff8042750205d4a718a8eb746bddc30b9627b6",
    "https://esm.sh/v132/fp-ts@2.16.1/lib/Monoid.d.ts": "70700b596dcc48e2cda539f79d8cb38febfbcb6c4b97eca69a2c0fece123d9b0",
    "https://esm.sh/v132/fp-ts@2.16.1/lib/NonEmptyArray.d.ts": "085e35d37cfc05a824dfa66c8c9266ccdb518602f541937de3525970f1f1aaac",
    "https://esm.sh/v132/fp-ts@2.16.1/lib/Option.d.ts": "0ee0df6bdfb11dcd7e23e74a1f100366e23847fab8d6c7094f634e38edae7a4f",
    "https://esm.sh/v132/fp-ts@2.16.1/lib/Ord.d.ts": "29491ef8524508886038250ee050ada460faf5054df203a9dccc0577352c0fb4",
    "https://esm.sh/v132/fp-ts@2.16.1/lib/Ordering.d.ts": "5bcf3c7184b19305a95ccd9e27e9a64a8b7bf96f1c9ba03c903f2f0a95ea26aa",
    "https://esm.sh/v132/fp-ts@2.16.1/lib/Pointed.d.ts": "b781e4321cd052af482532f91faa4fe54e3e0265ba8aabe636beea721afe1464",
    "https://esm.sh/v132/fp-ts@2.16.1/lib/Predicate.d.ts": "0de5cb3cbff2dc13dbac03b6f63a5fbaa8c027aef1f8d42e84f71f283ce55472",
    "https://esm.sh/v132/fp-ts@2.16.1/lib/ReadonlyNonEmptyArray.d.ts": "2770145197c4dbbc3a5fafa0790c9fb10b107e9af68f58fb76edfa1179416d5f",
    "https://esm.sh/v132/fp-ts@2.16.1/lib/ReadonlyRecord.d.ts": "a9b6bf49a33b955e320986d8df41f808f23ff3c36e8bb8de2175057a69c03a07",
    "https://esm.sh/v132/fp-ts@2.16.1/lib/Refinement.d.ts": "19243906b0442bcac7e6526713eb0a5d92e22f694c45cb4ff68c2822b1847aa5",
    "https://esm.sh/v132/fp-ts@2.16.1/lib/Ring.d.ts": "834b2890583b4f97189a9172a4e3310e46ffa01972214bea4a741f47ac8b5642",
    "https://esm.sh/v132/fp-ts@2.16.1/lib/Semigroup.d.ts": "26b650479bab7e2794cbaf7509cab0f49eebcdf470c65beed48dc11bda9399e9",
    "https://esm.sh/v132/fp-ts@2.16.1/lib/Semiring.d.ts": "4d11730841ec9de1b0a257a36f1dcf329d458703972e202adabf45cc11ad0b7e",
    "https://esm.sh/v132/fp-ts@2.16.1/lib/Separated.d.ts": "a6e715df4324baf3387abac635851c5cc70002f63d6666ed7262e265c5eec9ba",
    "https://esm.sh/v132/fp-ts@2.16.1/lib/Show.d.ts": "b96043db0ad7c4ea8b4bc4b0bfd395f191a9f41d127f4185b72605a4ad370541",
    "https://esm.sh/v132/fp-ts@2.16.1/lib/Traversable.d.ts": "e02b9d520dc1005fb0923fad55472960a6955ea98864d41d54fafc8a3fc1b668",
    "https://esm.sh/v132/fp-ts@2.16.1/lib/TraversableWithIndex.d.ts": "25774ba569d3275492fbbde792e3db29b6b15ef82ba6692f3f2659921efa740f",
    "https://esm.sh/v132/fp-ts@2.16.1/lib/Unfoldable.d.ts": "a5d0ea7e38e264bc6198eccaf79cfc917d2a7c86b6eea6a469ae83994bcc0f41",
    "https://esm.sh/v132/fp-ts@2.16.1/lib/Witherable.d.ts": "35b72c45b7db663e0b8a25ff8f5f4a7a57a865fe8434a1227b62dfbb742339de",
    "https://esm.sh/v132/fp-ts@2.16.1/lib/Zero.d.ts": "655b6b3247181ad5f577938ccac42aea093285268351bb840110ec1076a4d8ee",
    "https://esm.sh/v132/fp-ts@2.16.1/lib/function.d.ts": "c50fa8101270edc4644edc3443ce238bcafd9958c43087e44f5db7c9051f7d86",
    "https://esm.sh/v132/zod@3.21.4/deno/zod.mjs": "e3d70358540a9fb3a4eefcba4fb5f87134df174c73464b824010c38070ab6a41",
    "https://esm.sh/v132/zod@3.21.4/index.d.ts": "b51c954b9557b1dcb03b2bf34cd136e710cb9aa276e686cac0e291249590a52a",
    "https://esm.sh/v132/zod@3.21.4/lib/ZodError.d.ts": "1f19511459549a66526d9dcc3b2288e59fa5fd4cf42b390a945d0bdc289806df",
    "https://esm.sh/v132/zod@3.21.4/lib/errors.d.ts": "5ec2790f877581637c058eb5bbb72e855a078620d0781d2a6a8f308fe1d5436f",
    "https://esm.sh/v132/zod@3.21.4/lib/external.d.ts": "91cec2fe1e1fb2574812a29a57ad2c39a1e69b0fa1179547382c92649fc5c66e",
    "https://esm.sh/v132/zod@3.21.4/lib/helpers/enumUtil.d.ts": "f672c876c1a04a223cf2023b3d91e8a52bb1544c576b81bf64a8fec82be9969c",
    "https://esm.sh/v132/zod@3.21.4/lib/helpers/errorUtil.d.ts": "98a9cc18f661d28e6bd31c436e1984f3980f35e0f0aa9cf795c54f8ccb667ffe",
    "https://esm.sh/v132/zod@3.21.4/lib/helpers/parseUtil.d.ts": "d3dbfc2f2fbf2c1bdea72db72f9f5c95d2ca5b4d32c9e229764ebaba0920203c",
    "https://esm.sh/v132/zod@3.21.4/lib/helpers/partialUtil.d.ts": "be2da97df422506d54e0e1727a40f6315c7311931b65a552b3172148db734c43",
    "https://esm.sh/v132/zod@3.21.4/lib/helpers/typeAliases.d.ts": "5487b97cfa28b26b4a9ef0770f872bdbebd4c46124858de00f242c3eed7519f4",
    "https://esm.sh/v132/zod@3.21.4/lib/helpers/util.d.ts": "7a01f546ace66019156e4232a1bee2fabc2f8eabeb052473d926ee1693956265",
    "https://esm.sh/v132/zod@3.21.4/lib/index.d.ts": "e6e0b04af1500398c8840582cce03d8907d6475005eb490f0e07bb33db6da66c",
    "https://esm.sh/v132/zod@3.21.4/lib/locales/en.d.ts": "f8ec1611afb8d132c6c71822718805866890cf2071025153af97508eff24e4b6",
    "https://esm.sh/v132/zod@3.21.4/lib/types.d.ts": "d7eecca2a9e02b2b2f51eaef95956f490a5780d03b32b9865068a63a26810f01",
    "https://esm.sh/v132/zod@3.22.2/deno/zod.mjs": "6b4cea11165d849353d51f99cae53277eabfcce9a61c306e9740351dfea906b5",
    "https://esm.sh/v132/zod@3.22.2/index.d.ts": "b51c954b9557b1dcb03b2bf34cd136e710cb9aa276e686cac0e291249590a52a",
    "https://esm.sh/v132/zod@3.22.2/lib/ZodError.d.ts": "1f19511459549a66526d9dcc3b2288e59fa5fd4cf42b390a945d0bdc289806df",
    "https://esm.sh/v132/zod@3.22.2/lib/errors.d.ts": "5ec2790f877581637c058eb5bbb72e855a078620d0781d2a6a8f308fe1d5436f",
    "https://esm.sh/v132/zod@3.22.2/lib/external.d.ts": "91cec2fe1e1fb2574812a29a57ad2c39a1e69b0fa1179547382c92649fc5c66e",
    "https://esm.sh/v132/zod@3.22.2/lib/helpers/enumUtil.d.ts": "f672c876c1a04a223cf2023b3d91e8a52bb1544c576b81bf64a8fec82be9969c",
    "https://esm.sh/v132/zod@3.22.2/lib/helpers/errorUtil.d.ts": "98a9cc18f661d28e6bd31c436e1984f3980f35e0f0aa9cf795c54f8ccb667ffe",
    "https://esm.sh/v132/zod@3.22.2/lib/helpers/parseUtil.d.ts": "d3dbfc2f2fbf2c1bdea72db72f9f5c95d2ca5b4d32c9e229764ebaba0920203c",
    "https://esm.sh/v132/zod@3.22.2/lib/helpers/partialUtil.d.ts": "be2da97df422506d54e0e1727a40f6315c7311931b65a552b3172148db734c43",
    "https://esm.sh/v132/zod@3.22.2/lib/helpers/typeAliases.d.ts": "5487b97cfa28b26b4a9ef0770f872bdbebd4c46124858de00f242c3eed7519f4",
    "https://esm.sh/v132/zod@3.22.2/lib/helpers/util.d.ts": "7a01f546ace66019156e4232a1bee2fabc2f8eabeb052473d926ee1693956265",
    "https://esm.sh/v132/zod@3.22.2/lib/index.d.ts": "e6e0b04af1500398c8840582cce03d8907d6475005eb490f0e07bb33db6da66c",
    "https://esm.sh/v132/zod@3.22.2/lib/locales/en.d.ts": "f8ec1611afb8d132c6c71822718805866890cf2071025153af97508eff24e4b6",
    "https://esm.sh/v132/zod@3.22.2/lib/types.d.ts": "ffa274f3e66388c156ae77bcaf0d6406d5b52c2a89345a689d2c9548f3f6bf30",
    "https://esm.sh/zod@3.21.4": "a9f454c443deba1f79881aef2217f2e4a958f1e7dc672e2855002e0768578897",
    "https://esm.sh/zod@3.22.2": "571a4e3a234a90e94518e14e624460ff220f77d3a6b04e1947e94ef5cf46dc9e"
  },
  "npm": {
    "specifiers": {
      "husky": "husky@8.0.3",
      "husky@^8.0.1": "husky@8.0.3",
      "lint-staged": "lint-staged@14.0.1",
      "lint-staged@^13.0.3": "lint-staged@13.3.0",
      "undefined": "undefined@0.1.0"
    },
    "packages": {
      "ansi-escapes@5.0.0": {
        "integrity": "sha512-5GFMVX8HqE/TB+FuBJGuO5XG0WrsA6ptUqoODaT/n9mmUaZFkqnBueB4leqGBCmrUHnCnC4PCZTCd0E7QQ83bA==",
        "dependencies": {
          "type-fest": "type-fest@1.4.0"
        }
      },
      "ansi-regex@6.0.1": {
        "integrity": "sha512-n5M855fKb2SsfMIiFFoVrABHJC8QtHwVx+mHWP3QcEqBHYienj5dHSgjbxtC0WEZXYt4wcD6zrQElDPhFuZgfA==",
        "dependencies": {}
      },
      "ansi-styles@6.2.1": {
        "integrity": "sha512-bN798gFfQX+viw3R7yrGWRqnrN2oRkEkUjjl4JNn4E8GxxbjtG3FbrEIIY3l8/hrwUwIeCZvi4QuOTP4MErVug==",
        "dependencies": {}
      },
      "braces@3.0.2": {
        "integrity": "sha512-b8um+L1RzM3WDSzvhm6gIz1yfTbBt6YTlcEKAvsmqCZZFw46z626lVj9j1yEPW33H5H+lBQpZMP1k8l+78Ha0A==",
        "dependencies": {
          "fill-range": "fill-range@7.0.1"
        }
      },
      "chalk@5.3.0": {
        "integrity": "sha512-dLitG79d+GV1Nb/VYcCDFivJeK1hiukt9QjRNVOsUtTy1rR1YJsmpGGTZ3qJos+uw7WmWF4wUwBd9jxjocFC2w==",
        "dependencies": {}
      },
      "cli-cursor@4.0.0": {
        "integrity": "sha512-VGtlMu3x/4DOtIUwEkRezxUZ2lBacNJCHash0N0WeZDBS+7Ux1dm3XWAgWYxLJFMMdOeXMHXorshEFhbMSGelg==",
        "dependencies": {
          "restore-cursor": "restore-cursor@4.0.0"
        }
      },
      "cli-truncate@3.1.0": {
        "integrity": "sha512-wfOBkjXteqSnI59oPcJkcPl/ZmwvMMOj340qUIY1SKZCv0B9Cf4D4fAucRkIKQmsIuYK3x1rrgU7MeGRruiuiA==",
        "dependencies": {
          "slice-ansi": "slice-ansi@5.0.0",
          "string-width": "string-width@5.1.2"
        }
      },
      "colorette@2.0.20": {
        "integrity": "sha512-IfEDxwoWIjkeXL1eXcDiow4UbKjhLdq6/EuSVR9GMN7KVH3r9gQ83e73hsz1Nd1T3ijd5xv1wcWRYO+D6kCI2w==",
        "dependencies": {}
      },
      "commander@11.0.0": {
        "integrity": "sha512-9HMlXtt/BNoYr8ooyjjNRdIilOTkVJXB+GhxMTtOKwk0R4j4lS4NpjuqmRxroBfnfTSHQIHQB7wryHhXarNjmQ==",
        "dependencies": {}
      },
      "cross-spawn@7.0.3": {
        "integrity": "sha512-iRDPJKUPVEND7dHPO8rkbOnPpyDygcDFtWjpeWNCgy8WP2rXcxXL8TskReQl6OrB2G7+UJrags1q15Fudc7G6w==",
        "dependencies": {
          "path-key": "path-key@3.1.1",
          "shebang-command": "shebang-command@2.0.0",
          "which": "which@2.0.2"
        }
      },
      "debug@4.3.4": {
        "integrity": "sha512-PRWFHuSU3eDtQJPvnNY7Jcket1j0t5OuOsFzPPzsekD52Zl8qUfFIPEiswXqIvHWGVHOgX+7G/vCNNhehwxfkQ==",
        "dependencies": {
          "ms": "ms@2.1.2"
        }
      },
      "eastasianwidth@0.2.0": {
        "integrity": "sha512-I88TYZWc9XiYHRQ4/3c5rjjfgkjhLyW2luGIheGERbNQ6OY7yTybanSpDXZa8y7VUP9YmDcYa+eyq4ca7iLqWA==",
        "dependencies": {}
      },
      "emoji-regex@9.2.2": {
        "integrity": "sha512-L18DaJsXSUk2+42pv8mLs5jJT2hqFkFE4j21wOmgbUqsZ2hL72NsUU785g9RXgo3s0ZNgVl42TiHp3ZtOv/Vyg==",
        "dependencies": {}
      },
      "eventemitter3@5.0.1": {
        "integrity": "sha512-GWkBvjiSZK87ELrYOSESUYeVIc9mvLLf/nXalMOS5dYrgZq9o5OVkbZAVM06CVxYsCwH9BDZFPlQTlPA1j4ahA==",
        "dependencies": {}
      },
      "execa@7.2.0": {
        "integrity": "sha512-UduyVP7TLB5IcAQl+OzLyLcS/l32W/GLg+AhHJ+ow40FOk2U3SAllPwR44v4vmdFwIWqpdwxxpQbF1n5ta9seA==",
        "dependencies": {
          "cross-spawn": "cross-spawn@7.0.3",
          "get-stream": "get-stream@6.0.1",
          "human-signals": "human-signals@4.3.1",
          "is-stream": "is-stream@3.0.0",
          "merge-stream": "merge-stream@2.0.0",
          "npm-run-path": "npm-run-path@5.1.0",
          "onetime": "onetime@6.0.0",
          "signal-exit": "signal-exit@3.0.7",
          "strip-final-newline": "strip-final-newline@3.0.0"
        }
      },
      "fill-range@7.0.1": {
        "integrity": "sha512-qOo9F+dMUmC2Lcb4BbVvnKJxTPjCm+RRpe4gDuGrzkL7mEVl/djYSu2OdQ2Pa302N4oqkSg9ir6jaLWJ2USVpQ==",
        "dependencies": {
          "to-regex-range": "to-regex-range@5.0.1"
        }
      },
      "get-stream@6.0.1": {
        "integrity": "sha512-ts6Wi+2j3jQjqi70w5AlN8DFnkSwC+MqmxEzdEALB2qXZYV3X/b1CTfgPLGJNMeAWxdPfU8FO1ms3NUfaHCPYg==",
        "dependencies": {}
      },
      "human-signals@4.3.1": {
        "integrity": "sha512-nZXjEF2nbo7lIw3mgYjItAfgQXog3OjJogSbKa2CQIIvSGWcKgeJnQlNXip6NglNzYH45nSRiEVimMvYL8DDqQ==",
        "dependencies": {}
      },
      "husky@8.0.3": {
        "integrity": "sha512-+dQSyqPh4x1hlO1swXBiNb2HzTDN1I2IGLQx1GrBuiqFJfoMrnZWwVmatvSiO+Iz8fBUnf+lekwNo4c2LlXItg==",
        "dependencies": {}
      },
      "is-fullwidth-code-point@4.0.0": {
        "integrity": "sha512-O4L094N2/dZ7xqVdrXhh9r1KODPJpFms8B5sGdJLPy664AgvXsreZUyCQQNItZRDlYug4xStLjNp/sz3HvBowQ==",
        "dependencies": {}
      },
      "is-number@7.0.0": {
        "integrity": "sha512-41Cifkg6e8TylSpdtTpeLVMqvSBEVzTttHvERD741+pnZ8ANv0004MRL43QKPDlK9cGvNp6NZWZUBlbGXYxxng==",
        "dependencies": {}
      },
      "is-stream@3.0.0": {
        "integrity": "sha512-LnQR4bZ9IADDRSkvpqMGvt/tEJWclzklNgSw48V5EAaAeDd6qGvN8ei6k5p0tvxSR171VmGyHuTiAOfxAbr8kA==",
        "dependencies": {}
      },
      "isexe@2.0.0": {
        "integrity": "sha512-RHxMLp9lnKHGHRng9QFhRCMbYAcVpn69smSGcq3f36xjgVVWThj4qqLbTLlq7Ssj8B+fIQ1EuCEGI2lKsyQeIw==",
        "dependencies": {}
      },
      "lilconfig@2.1.0": {
        "integrity": "sha512-utWOt/GHzuUxnLKxB6dk81RoOeoNeHgbrXiuGk4yyF5qlRz+iIVWu56E2fqGHFrXz0QNUhLB/8nKqvRH66JKGQ==",
        "dependencies": {}
      },
      "lint-staged@13.3.0": {
        "integrity": "sha512-mPRtrYnipYYv1FEE134ufbWpeggNTo+O/UPzngoaKzbzHAthvR55am+8GfHTnqNRQVRRrYQLGW9ZyUoD7DsBHQ==",
        "dependencies": {
          "chalk": "chalk@5.3.0",
          "commander": "commander@11.0.0",
          "debug": "debug@4.3.4",
          "execa": "execa@7.2.0",
          "lilconfig": "lilconfig@2.1.0",
          "listr2": "listr2@6.6.1",
          "micromatch": "micromatch@4.0.5",
          "pidtree": "pidtree@0.6.0",
          "string-argv": "string-argv@0.3.2",
          "yaml": "yaml@2.3.1"
        }
      },
      "lint-staged@14.0.1": {
        "integrity": "sha512-Mw0cL6HXnHN1ag0mN/Dg4g6sr8uf8sn98w2Oc1ECtFto9tvRF7nkXGJRbx8gPlHyoR0pLyBr2lQHbWwmUHe1Sw==",
        "dependencies": {
          "chalk": "chalk@5.3.0",
          "commander": "commander@11.0.0",
          "debug": "debug@4.3.4",
          "execa": "execa@7.2.0",
          "lilconfig": "lilconfig@2.1.0",
          "listr2": "listr2@6.6.1",
          "micromatch": "micromatch@4.0.5",
          "pidtree": "pidtree@0.6.0",
          "string-argv": "string-argv@0.3.2",
          "yaml": "yaml@2.3.1"
        }
      },
      "listr2@6.6.1": {
        "integrity": "sha512-+rAXGHh0fkEWdXBmX+L6mmfmXmXvDGEKzkjxO+8mP3+nI/r/CWznVBvsibXdxda9Zz0OW2e2ikphN3OwCT/jSg==",
        "dependencies": {
          "cli-truncate": "cli-truncate@3.1.0",
          "colorette": "colorette@2.0.20",
          "eventemitter3": "eventemitter3@5.0.1",
          "log-update": "log-update@5.0.1",
          "rfdc": "rfdc@1.3.0",
          "wrap-ansi": "wrap-ansi@8.1.0"
        }
      },
      "log-update@5.0.1": {
        "integrity": "sha512-5UtUDQ/6edw4ofyljDNcOVJQ4c7OjDro4h3y8e1GQL5iYElYclVHJ3zeWchylvMaKnDbDilC8irOVyexnA/Slw==",
        "dependencies": {
          "ansi-escapes": "ansi-escapes@5.0.0",
          "cli-cursor": "cli-cursor@4.0.0",
          "slice-ansi": "slice-ansi@5.0.0",
          "strip-ansi": "strip-ansi@7.1.0",
          "wrap-ansi": "wrap-ansi@8.1.0"
        }
      },
      "merge-stream@2.0.0": {
        "integrity": "sha512-abv/qOcuPfk3URPfDzmZU1LKmuw8kT+0nIHvKrKgFrwifol/doWcdA4ZqsWQ8ENrFKkd67Mfpo/LovbIUsbt3w==",
        "dependencies": {}
      },
      "micromatch@4.0.5": {
        "integrity": "sha512-DMy+ERcEW2q8Z2Po+WNXuw3c5YaUSFjAO5GsJqfEl7UjvtIuFKO6ZrKvcItdy98dwFI2N1tg3zNIdKaQT+aNdA==",
        "dependencies": {
          "braces": "braces@3.0.2",
          "picomatch": "picomatch@2.3.1"
        }
      },
      "mimic-fn@2.1.0": {
        "integrity": "sha512-OqbOk5oEQeAZ8WXWydlu9HJjz9WVdEIvamMCcXmuqUYjTknH/sqsWvhQ3vgwKFRR1HpjvNBKQ37nbJgYzGqGcg==",
        "dependencies": {}
      },
      "mimic-fn@4.0.0": {
        "integrity": "sha512-vqiC06CuhBTUdZH+RYl8sFrL096vA45Ok5ISO6sE/Mr1jRbGH4Csnhi8f3wKVl7x8mO4Au7Ir9D3Oyv1VYMFJw==",
        "dependencies": {}
      },
      "ms@2.1.2": {
        "integrity": "sha512-sGkPx+VjMtmA6MX27oA4FBFELFCZZ4S4XqeGOXCv68tT+jb3vk/RyaKWP0PTKyWtmLSM0b+adUTEvbs1PEaH2w==",
        "dependencies": {}
      },
      "npm-run-path@5.1.0": {
        "integrity": "sha512-sJOdmRGrY2sjNTRMbSvluQqg+8X7ZK61yvzBEIDhz4f8z1TZFYABsqjjCBd/0PUNE9M6QDgHJXQkGUEm7Q+l9Q==",
        "dependencies": {
          "path-key": "path-key@4.0.0"
        }
      },
      "onetime@5.1.2": {
        "integrity": "sha512-kbpaSSGJTWdAY5KPVeMOKXSrPtr8C8C7wodJbcsd51jRnmD+GZu8Y0VoU6Dm5Z4vWr0Ig/1NKuWRKf7j5aaYSg==",
        "dependencies": {
          "mimic-fn": "mimic-fn@2.1.0"
        }
      },
      "onetime@6.0.0": {
        "integrity": "sha512-1FlR+gjXK7X+AsAHso35MnyN5KqGwJRi/31ft6x0M194ht7S+rWAvd7PHss9xSKMzE0asv1pyIHaJYq+BbacAQ==",
        "dependencies": {
          "mimic-fn": "mimic-fn@4.0.0"
        }
      },
      "path-key@3.1.1": {
        "integrity": "sha512-ojmeN0qd+y0jszEtoY48r0Peq5dwMEkIlCOu6Q5f41lfkswXuKtYrhgoTpLnyIcHm24Uhqx+5Tqm2InSwLhE6Q==",
        "dependencies": {}
      },
      "path-key@4.0.0": {
        "integrity": "sha512-haREypq7xkM7ErfgIyA0z+Bj4AGKlMSdlQE2jvJo6huWD1EdkKYV+G/T4nq0YEF2vgTT8kqMFKo1uHn950r4SQ==",
        "dependencies": {}
      },
      "picomatch@2.3.1": {
        "integrity": "sha512-JU3teHTNjmE2VCGFzuY8EXzCDVwEqB2a8fsIvwaStHhAWJEeVd1o1QD80CU6+ZdEXXSLbSsuLwJjkCBWqRQUVA==",
        "dependencies": {}
      },
      "pidtree@0.6.0": {
        "integrity": "sha512-eG2dWTVw5bzqGRztnHExczNxt5VGsE6OwTeCG3fdUf9KBsZzO3R5OIIIzWR+iZA0NtZ+RDVdaoE2dK1cn6jH4g==",
        "dependencies": {}
      },
      "restore-cursor@4.0.0": {
        "integrity": "sha512-I9fPXU9geO9bHOt9pHHOhOkYerIMsmVaWB0rA2AI9ERh/+x/i7MV5HKBNrg+ljO5eoPVgCcnFuRjJ9uH6I/3eg==",
        "dependencies": {
          "onetime": "onetime@5.1.2",
          "signal-exit": "signal-exit@3.0.7"
        }
      },
      "rfdc@1.3.0": {
        "integrity": "sha512-V2hovdzFbOi77/WajaSMXk2OLm+xNIeQdMMuB7icj7bk6zi2F8GGAxigcnDFpJHbNyNcgyJDiP+8nOrY5cZGrA==",
        "dependencies": {}
      },
      "shebang-command@2.0.0": {
        "integrity": "sha512-kHxr2zZpYtdmrN1qDjrrX/Z1rR1kG8Dx+gkpK1G4eXmvXswmcE1hTWBWYUzlraYw1/yZp6YuDY77YtvbN0dmDA==",
        "dependencies": {
          "shebang-regex": "shebang-regex@3.0.0"
        }
      },
      "shebang-regex@3.0.0": {
        "integrity": "sha512-7++dFhtcx3353uBaq8DDR4NuxBetBzC7ZQOhmTQInHEd6bSrXdiEyzCvG07Z44UYdLShWUyXt5M/yhz8ekcb1A==",
        "dependencies": {}
      },
      "signal-exit@3.0.7": {
        "integrity": "sha512-wnD2ZE+l+SPC/uoS0vXeE9L1+0wuaMqKlfz9AMUo38JsyLSBWSFcHR1Rri62LZc12vLr1gb3jl7iwQhgwpAbGQ==",
        "dependencies": {}
      },
      "slice-ansi@5.0.0": {
        "integrity": "sha512-FC+lgizVPfie0kkhqUScwRu1O/lF6NOgJmlCgK+/LYxDCTk8sGelYaHDhFcDN+Sn3Cv+3VSa4Byeo+IMCzpMgQ==",
        "dependencies": {
          "ansi-styles": "ansi-styles@6.2.1",
          "is-fullwidth-code-point": "is-fullwidth-code-point@4.0.0"
        }
      },
      "string-argv@0.3.2": {
        "integrity": "sha512-aqD2Q0144Z+/RqG52NeHEkZauTAUWJO8c6yTftGJKO3Tja5tUgIfmIl6kExvhtxSDP7fXB6DvzkfMpCd/F3G+Q==",
        "dependencies": {}
      },
      "string-width@5.1.2": {
        "integrity": "sha512-HnLOCR3vjcY8beoNLtcjZ5/nxn2afmME6lhrDrebokqMap+XbeW8n9TXpPDOqdGK5qcI3oT0GKTW6wC7EMiVqA==",
        "dependencies": {
          "eastasianwidth": "eastasianwidth@0.2.0",
          "emoji-regex": "emoji-regex@9.2.2",
          "strip-ansi": "strip-ansi@7.1.0"
        }
      },
      "strip-ansi@7.1.0": {
        "integrity": "sha512-iq6eVVI64nQQTRYq2KtEg2d2uU7LElhTJwsH4YzIHZshxlgZms/wIc4VoDQTlG/IvVIrBKG06CrZnp0qv7hkcQ==",
        "dependencies": {
          "ansi-regex": "ansi-regex@6.0.1"
        }
      },
      "strip-final-newline@3.0.0": {
        "integrity": "sha512-dOESqjYr96iWYylGObzd39EuNTa5VJxyvVAEm5Jnh7KGo75V43Hk1odPQkNDyXNmUR6k+gEiDVXnjB8HJ3crXw==",
        "dependencies": {}
      },
      "to-regex-range@5.0.1": {
        "integrity": "sha512-65P7iz6X5yEr1cwcgvQxbbIw7Uk3gOy5dIdtZ4rDveLqhrdJP+Li/Hx6tyK0NEb+2GCyneCMJiGqrADCSNk8sQ==",
        "dependencies": {
          "is-number": "is-number@7.0.0"
        }
      },
      "type-fest@1.4.0": {
        "integrity": "sha512-yGSza74xk0UG8k+pLh5oeoYirvIiWo5t0/o3zHHAO2tRDiZcxWP7fywNlXhqb6/r6sWvwi+RsyQMWhVLe4BVuA==",
        "dependencies": {}
      },
      "undefined@0.1.0": {
        "integrity": "sha512-NkvZ+cpfGNrQvaCMPr2DytKuQfUTTUUloyqxhjLIzUm6OIBBgjH0zUIObsDejlvNHXBmXNCEt4IOFE6HB+ourA==",
        "dependencies": {}
      },
      "which@2.0.2": {
        "integrity": "sha512-BLI3Tl1TW3Pvl70l3yq3Y64i+awpwXqsGBYWkkqMtnbXgrMD+yj7rhW0kuEDxzJaYXGjEW5ogapKNMEKNMjibA==",
        "dependencies": {
          "isexe": "isexe@2.0.0"
        }
      },
      "wrap-ansi@8.1.0": {
        "integrity": "sha512-si7QWI6zUMq56bESFvagtmzMdGOtoxfR+Sez11Mobfc7tm+VkUckk9bW2UeffTGVUbOksxmSw0AA2gs8g71NCQ==",
        "dependencies": {
          "ansi-styles": "ansi-styles@6.2.1",
          "string-width": "string-width@5.1.2",
          "strip-ansi": "strip-ansi@7.1.0"
        }
      },
      "yaml@2.3.1": {
        "integrity": "sha512-2eHWfjaoXgTBC2jNM1LRef62VQa0umtvRiDSk6HSzW7RvS5YtkabJrwYLLEKWBc8a5U2PTSCs+dJjUTJdlHsWQ==",
        "dependencies": {}
      }
    }
  }
}
